
Microsoft Visual Studio Solution File, Format Version 12.00
# Visual Studio Version 16
VisualStudioVersion = 16.0.31005.135
MinimumVisualStudioVersion = 10.0.40219.1
Project("{FAE04EC0-301F-11D3-BF4B-00C04F79EFBC}") = "ConsoleApp1", "ConsoleApp1\ConsoleApp1.csproj", "{CFB17A91-90BF-43A6-8A47-D23DD969E849}"
EndProject
Global
	GlobalSection(SolutionConfigurationPlatforms) = preSolution
		Debug|Any CPU = Debug|Any CPU
		Release|Any CPU = Release|Any CPU
	EndGlobalSection
	GlobalSection(ProjectConfigurationPlatforms) = postSolution
		{CFB17A91-90BF-43A6-8A47-D23DD969E849}.Debug|Any CPU.ActiveCfg = Debug|Any CPU
		{CFB17A91-90BF-43A6-8A47-D23DD969E849}.Debug|Any CPU.Build.0 = Debug|Any CPU
		{CFB17A91-90BF-43A6-8A47-D23DD969E849}.Release|Any CPU.ActiveCfg = Release|Any CPU
		{CFB17A91-90BF-43A6-8A47-D23DD969E849}.Release|Any CPU.Build.0 = Release|Any CPU
	EndGlobalSection
	GlobalSection(SolutionProperties) = preSolution
		HideSolutionNode = FALSE
	EndGlobalSection
	GlobalSection(ExtensibilityGlobals) = postSolution
		SolutionGuid = {9657FB04-286D-4F7D-A328-8C9E2E1A3891}
	EndGlobalSection
EndGlobal
